
Microsoft Visual Studio Solution File, Format Version 12.00
# Visual Studio 2013
VisualStudioVersion = 12.0.31101.0
MinimumVisualStudioVersion = 10.0.40219.1
Project("{FAE04EC0-301F-11D3-BF4B-00C04F79EFBC}") = "agSeedMarshaller", "ConsoleApplication1\agSeedMarshaller.csproj", "{94E3FC6C-B9EC-4D44-8A80-1853F9CC9A13}"
EndProject
Global
	GlobalSection(SolutionConfigurationPlatforms) = preSolution
		Debug|Any CPU = Debug|Any CPU
		Release|Any CPU = Release|Any CPU
	EndGlobalSection
	GlobalSection(ProjectConfigurationPlatforms) = postSolution
		{94E3FC6C-B9EC-4D44-8A80-1853F9CC9A13}.Debug|Any CPU.ActiveCfg = Debug|Any CPU
		{94E3FC6C-B9EC-4D44-8A80-1853F9CC9A13}.Debug|Any CPU.Build.0 = Debug|Any CPU
		{94E3FC6C-B9EC-4D44-8A80-1853F9CC9A13}.Release|Any CPU.ActiveCfg = Release|Any CPU
		{94E3FC6C-B9EC-4D44-8A80-1853F9CC9A13}.Release|Any CPU.Build.0 = Release|Any CPU
	EndGlobalSection
	GlobalSection(SolutionProperties) = preSolution
		HideSolutionNode = FALSE
	EndGlobalSection
EndGlobal
